// !$*UTF8*$!
{
	archiveVersion = 1;
	classes = {
	};
	objectVersion = 51;
	objects = {

/* Begin PBXBuildFile section */
		05274C50F68DEF67DC766901 /* Pods_Flixster_FlixsterUITests.framework in Frameworks */ = {isa = PBXBuildFile; fileRef = E2DD7BBE0319EBA81C45BE3D /* Pods_Flixster_FlixsterUITests.framework */; };
		1B4870D825278E3900D95854 /* MovieDetailsViewController.swift in Sources */ = {isa = PBXBuildFile; fileRef = 1B4870D725278E3900D95854 /* MovieDetailsViewController.swift */; };
		1B4871152527A2F900D95854 /* MovieGridViewController.swift in Sources */ = {isa = PBXBuildFile; fileRef = 1B4871142527A2F900D95854 /* MovieGridViewController.swift */; };
		1B4A4E6E251D2870000830FF /* AppDelegate.swift in Sources */ = {isa = PBXBuildFile; fileRef = 1B4A4E6D251D2870000830FF /* AppDelegate.swift */; };
		1B4A4E70251D2870000830FF /* SceneDelegate.swift in Sources */ = {isa = PBXBuildFile; fileRef = 1B4A4E6F251D2870000830FF /* SceneDelegate.swift */; };
		1B4A4E75251D2870000830FF /* Main.storyboard in Resources */ = {isa = PBXBuildFile; fileRef = 1B4A4E73251D2870000830FF /* Main.storyboard */; };
		1B4A4E77251D2871000830FF /* Assets.xcassets in Resources */ = {isa = PBXBuildFile; fileRef = 1B4A4E76251D2871000830FF /* Assets.xcassets */; };
		1B4A4E7A251D2871000830FF /* LaunchScreen.storyboard in Resources */ = {isa = PBXBuildFile; fileRef = 1B4A4E78251D2871000830FF /* LaunchScreen.storyboard */; };
		1B4A4E85251D2871000830FF /* FlixsterTests.swift in Sources */ = {isa = PBXBuildFile; fileRef = 1B4A4E84251D2871000830FF /* FlixsterTests.swift */; };
		1B4A4E90251D2871000830FF /* FlixsterUITests.swift in Sources */ = {isa = PBXBuildFile; fileRef = 1B4A4E8F251D2871000830FF /* FlixsterUITests.swift */; };
		1B4A4EA4251D61BA000830FF /* MoviesViewController.swift in Sources */ = {isa = PBXBuildFile; fileRef = 1B4A4EA3251D61BA000830FF /* MoviesViewController.swift */; };
		1B4A4EAC251D7CCF000830FF /* MovieCell.swift in Sources */ = {isa = PBXBuildFile; fileRef = 1B4A4EAB251D7CCF000830FF /* MovieCell.swift */; };
		1BAFE27A25282462002FBB36 /* MovieGridCell.swift in Sources */ = {isa = PBXBuildFile; fileRef = 1BAFE27925282462002FBB36 /* MovieGridCell.swift */; };
		A71BAA2EDB287CF3DEFEBC05 /* Pods_Flixster.framework in Frameworks */ = {isa = PBXBuildFile; fileRef = 1FE0E041A430FADAF45FDA35 /* Pods_Flixster.framework */; };
		E6F90BDAC7084117D1618692 /* Pods_FlixsterTests.framework in Frameworks */ = {isa = PBXBuildFile; fileRef = 3EA10DF61C1BE8C27D68EA85 /* Pods_FlixsterTests.framework */; };
/* End PBXBuildFile section */

/* Begin PBXContainerItemProxy section */
		1B4A4E81251D2871000830FF /* PBXContainerItemProxy */ = {
			isa = PBXContainerItemProxy;
			containerPortal = 1B4A4E62251D2870000830FF /* Project object */;
			proxyType = 1;
			remoteGlobalIDString = 1B4A4E69251D2870000830FF;
			remoteInfo = Flixster;
		};
		1B4A4E8C251D2871000830FF /* PBXContainerItemProxy */ = {
			isa = PBXContainerItemProxy;
			containerPortal = 1B4A4E62251D2870000830FF /* Project object */;
			proxyType = 1;
			remoteGlobalIDString = 1B4A4E69251D2870000830FF;
			remoteInfo = Flixster;
		};
/* End PBXContainerItemProxy section */

/* Begin PBXFileReference section */
		05B99A7CBB14C81F1619EE3E /* Pods-Flixster.debug.xcconfig */ = {isa = PBXFileReference; includeInIndex = 1; lastKnownFileType = text.xcconfig; name = "Pods-Flixster.debug.xcconfig"; path = "Target Support Files/Pods-Flixster/Pods-Flixster.debug.xcconfig"; sourceTree = "<group>"; };
		124F02EC8A1E68230DF3934E /* Pods-Flixster-FlixsterUITests.debug.xcconfig */ = {isa = PBXFileReference; includeInIndex = 1; lastKnownFileType = text.xcconfig; name = "Pods-Flixster-FlixsterUITests.debug.xcconfig"; path = "Target Support Files/Pods-Flixster-FlixsterUITests/Pods-Flixster-FlixsterUITests.debug.xcconfig"; sourceTree = "<group>"; };
		1ADBE06231A1C66AC7E9288D /* Pods-FlixsterTests.debug.xcconfig */ = {isa = PBXFileReference; includeInIndex = 1; lastKnownFileType = text.xcconfig; name = "Pods-FlixsterTests.debug.xcconfig"; path = "Target Support Files/Pods-FlixsterTests/Pods-FlixsterTests.debug.xcconfig"; sourceTree = "<group>"; };
		1B4870D725278E3900D95854 /* MovieDetailsViewController.swift */ = {isa = PBXFileReference; lastKnownFileType = sourcecode.swift; path = MovieDetailsViewController.swift; sourceTree = "<group>"; };
		1B4871142527A2F900D95854 /* MovieGridViewController.swift */ = {isa = PBXFileReference; lastKnownFileType = sourcecode.swift; path = MovieGridViewController.swift; sourceTree = "<group>"; };
		1B4A4E6A251D2870000830FF /* Flixster.app */ = {isa = PBXFileReference; explicitFileType = wrapper.application; includeInIndex = 0; path = Flixster.app; sourceTree = BUILT_PRODUCTS_DIR; };
		1B4A4E6D251D2870000830FF /* AppDelegate.swift */ = {isa = PBXFileReference; lastKnownFileType = sourcecode.swift; path = AppDelegate.swift; sourceTree = "<group>"; };
		1B4A4E6F251D2870000830FF /* SceneDelegate.swift */ = {isa = PBXFileReference; lastKnownFileType = sourcecode.swift; path = SceneDelegate.swift; sourceTree = "<group>"; };
		1B4A4E74251D2870000830FF /* Base */ = {isa = PBXFileReference; lastKnownFileType = file.storyboard; name = Base; path = Base.lproj/Main.storyboard; sourceTree = "<group>"; };
		1B4A4E76251D2871000830FF /* Assets.xcassets */ = {isa = PBXFileReference; lastKnownFileType = folder.assetcatalog; path = Assets.xcassets; sourceTree = "<group>"; };
		1B4A4E79251D2871000830FF /* Base */ = {isa = PBXFileReference; lastKnownFileType = file.storyboard; name = Base; path = Base.lproj/LaunchScreen.storyboard; sourceTree = "<group>"; };
		1B4A4E7B251D2871000830FF /* Info.plist */ = {isa = PBXFileReference; lastKnownFileType = text.plist.xml; path = Info.plist; sourceTree = "<group>"; };
		1B4A4E80251D2871000830FF /* FlixsterTests.xctest */ = {isa = PBXFileReference; explicitFileType = wrapper.cfbundle; includeInIndex = 0; path = FlixsterTests.xctest; sourceTree = BUILT_PRODUCTS_DIR; };
		1B4A4E84251D2871000830FF /* FlixsterTests.swift */ = {isa = PBXFileReference; lastKnownFileType = sourcecode.swift; path = FlixsterTests.swift; sourceTree = "<group>"; };
		1B4A4E86251D2871000830FF /* Info.plist */ = {isa = PBXFileReference; lastKnownFileType = text.plist.xml; path = Info.plist; sourceTree = "<group>"; };
		1B4A4E8B251D2871000830FF /* FlixsterUITests.xctest */ = {isa = PBXFileReference; explicitFileType = wrapper.cfbundle; includeInIndex = 0; path = FlixsterUITests.xctest; sourceTree = BUILT_PRODUCTS_DIR; };
		1B4A4E8F251D2871000830FF /* FlixsterUITests.swift */ = {isa = PBXFileReference; lastKnownFileType = sourcecode.swift; path = FlixsterUITests.swift; sourceTree = "<group>"; };
		1B4A4E91251D2872000830FF /* Info.plist */ = {isa = PBXFileReference; lastKnownFileType = text.plist.xml; path = Info.plist; sourceTree = "<group>"; };
		1B4A4EA3251D61BA000830FF /* MoviesViewController.swift */ = {isa = PBXFileReference; lastKnownFileType = sourcecode.swift; path = MoviesViewController.swift; sourceTree = "<group>"; };
		1B4A4EAB251D7CCF000830FF /* MovieCell.swift */ = {isa = PBXFileReference; lastKnownFileType = sourcecode.swift; path = MovieCell.swift; sourceTree = "<group>"; };
		1BAFE27925282462002FBB36 /* MovieGridCell.swift */ = {isa = PBXFileReference; lastKnownFileType = sourcecode.swift; path = MovieGridCell.swift; sourceTree = "<group>"; };
		1FE0E041A430FADAF45FDA35 /* Pods_Flixster.framework */ = {isa = PBXFileReference; explicitFileType = wrapper.framework; includeInIndex = 0; path = Pods_Flixster.framework; sourceTree = BUILT_PRODUCTS_DIR; };
		3EA10DF61C1BE8C27D68EA85 /* Pods_FlixsterTests.framework */ = {isa = PBXFileReference; explicitFileType = wrapper.framework; includeInIndex = 0; path = Pods_FlixsterTests.framework; sourceTree = BUILT_PRODUCTS_DIR; };
		5B7411902CE841ED8C1ED228 /* Pods-FlixsterTests.release.xcconfig */ = {isa = PBXFileReference; includeInIndex = 1; lastKnownFileType = text.xcconfig; name = "Pods-FlixsterTests.release.xcconfig"; path = "Target Support Files/Pods-FlixsterTests/Pods-FlixsterTests.release.xcconfig"; sourceTree = "<group>"; };
		CFCE18E8BB0F9124E7346C94 /* Pods-Flixster-FlixsterUITests.release.xcconfig */ = {isa = PBXFileReference; includeInIndex = 1; lastKnownFileType = text.xcconfig; name = "Pods-Flixster-FlixsterUITests.release.xcconfig"; path = "Target Support Files/Pods-Flixster-FlixsterUITests/Pods-Flixster-FlixsterUITests.release.xcconfig"; sourceTree = "<group>"; };
		D05F6E7EC77905D1BA7417F1 /* Pods-Flixster.release.xcconfig */ = {isa = PBXFileReference; includeInIndex = 1; lastKnownFileType = text.xcconfig; name = "Pods-Flixster.release.xcconfig"; path = "Target Support Files/Pods-Flixster/Pods-Flixster.release.xcconfig"; sourceTree = "<group>"; };
		E2DD7BBE0319EBA81C45BE3D /* Pods_Flixster_FlixsterUITests.framework */ = {isa = PBXFileReference; explicitFileType = wrapper.framework; includeInIndex = 0; path = Pods_Flixster_FlixsterUITests.framework; sourceTree = BUILT_PRODUCTS_DIR; };
/* End PBXFileReference section */

/* Begin PBXFrameworksBuildPhase section */
		1B4A4E67251D2870000830FF /* Frameworks */ = {
			isa = PBXFrameworksBuildPhase;
			buildActionMask = 2147483647;
			files = (
				A71BAA2EDB287CF3DEFEBC05 /* Pods_Flixster.framework in Frameworks */,
			);
			runOnlyForDeploymentPostprocessing = 0;
		};
		1B4A4E7D251D2871000830FF /* Frameworks */ = {
			isa = PBXFrameworksBuildPhase;
			buildActionMask = 2147483647;
			files = (
				E6F90BDAC7084117D1618692 /* Pods_FlixsterTests.framework in Frameworks */,
			);
			runOnlyForDeploymentPostprocessing = 0;
		};
		1B4A4E88251D2871000830FF /* Frameworks */ = {
			isa = PBXFrameworksBuildPhase;
			buildActionMask = 2147483647;
			files = (
				05274C50F68DEF67DC766901 /* Pods_Flixster_FlixsterUITests.framework in Frameworks */,
			);
			runOnlyForDeploymentPostprocessing = 0;
		};
/* End PBXFrameworksBuildPhase section */

/* Begin PBXGroup section */
		1B4A4E61251D2870000830FF = {
			isa = PBXGroup;
			children = (
				1B4A4E6C251D2870000830FF /* Flixster */,
				1B4A4E83251D2871000830FF /* FlixsterTests */,
				1B4A4E8E251D2871000830FF /* FlixsterUITests */,
				1B4A4E6B251D2870000830FF /* Products */,
				90AD7589305C08872EE9A2E9 /* Pods */,
				E40C7BF4AAC481B0FB0291C7 /* Frameworks */,
			);
			sourceTree = "<group>";
		};
		1B4A4E6B251D2870000830FF /* Products */ = {
			isa = PBXGroup;
			children = (
				1B4A4E6A251D2870000830FF /* Flixster.app */,
				1B4A4E80251D2871000830FF /* FlixsterTests.xctest */,
				1B4A4E8B251D2871000830FF /* FlixsterUITests.xctest */,
			);
			name = Products;
			sourceTree = "<group>";
		};
		1B4A4E6C251D2870000830FF /* Flixster */ = {
			isa = PBXGroup;
			children = (
				1B4A4E6D251D2870000830FF /* AppDelegate.swift */,
				1B4A4E6F251D2870000830FF /* SceneDelegate.swift */,
				1B4A4E73251D2870000830FF /* Main.storyboard */,
				1BAFE27925282462002FBB36 /* MovieGridCell.swift */,
				1B4871142527A2F900D95854 /* MovieGridViewController.swift */,
				1B4870D725278E3900D95854 /* MovieDetailsViewController.swift */,
				1B4A4EAB251D7CCF000830FF /* MovieCell.swift */,
				1B4A4EA3251D61BA000830FF /* MoviesViewController.swift */,
				1B4A4E76251D2871000830FF /* Assets.xcassets */,
				1B4A4E78251D2871000830FF /* LaunchScreen.storyboard */,
				1B4A4E7B251D2871000830FF /* Info.plist */,
			);
			path = Flixster;
			sourceTree = "<group>";
		};
		1B4A4E83251D2871000830FF /* FlixsterTests */ = {
			isa = PBXGroup;
			children = (
				1B4A4E84251D2871000830FF /* FlixsterTests.swift */,
				1B4A4E86251D2871000830FF /* Info.plist */,
			);
			path = FlixsterTests;
			sourceTree = "<group>";
		};
		1B4A4E8E251D2871000830FF /* FlixsterUITests */ = {
			isa = PBXGroup;
			children = (
				1B4A4E8F251D2871000830FF /* FlixsterUITests.swift */,
				1B4A4E91251D2872000830FF /* Info.plist */,
			);
			path = FlixsterUITests;
			sourceTree = "<group>";
		};
		90AD7589305C08872EE9A2E9 /* Pods */ = {
			isa = PBXGroup;
			children = (
				05B99A7CBB14C81F1619EE3E /* Pods-Flixster.debug.xcconfig */,
				D05F6E7EC77905D1BA7417F1 /* Pods-Flixster.release.xcconfig */,
				124F02EC8A1E68230DF3934E /* Pods-Flixster-FlixsterUITests.debug.xcconfig */,
				CFCE18E8BB0F9124E7346C94 /* Pods-Flixster-FlixsterUITests.release.xcconfig */,
				1ADBE06231A1C66AC7E9288D /* Pods-FlixsterTests.debug.xcconfig */,
				5B7411902CE841ED8C1ED228 /* Pods-FlixsterTests.release.xcconfig */,
			);
			path = Pods;
			sourceTree = "<group>";
		};
		E40C7BF4AAC481B0FB0291C7 /* Frameworks */ = {
			isa = PBXGroup;
			children = (
				1FE0E041A430FADAF45FDA35 /* Pods_Flixster.framework */,
				E2DD7BBE0319EBA81C45BE3D /* Pods_Flixster_FlixsterUITests.framework */,
				3EA10DF61C1BE8C27D68EA85 /* Pods_FlixsterTests.framework */,
			);
			name = Frameworks;
			sourceTree = "<group>";
		};
/* End PBXGroup section */

/* Begin PBXNativeTarget section */
		1B4A4E69251D2870000830FF /* Flixster */ = {
			isa = PBXNativeTarget;
			buildConfigurationList = 1B4A4E94251D2872000830FF /* Build configuration list for PBXNativeTarget "Flixster" */;
			buildPhases = (
				2CB9FDF58B78ECA001CB6E89 /* [CP] Check Pods Manifest.lock */,
				1B4A4E66251D2870000830FF /* Sources */,
				1B4A4E67251D2870000830FF /* Frameworks */,
				1B4A4E68251D2870000830FF /* Resources */,
				F796436EB971D1296E90EB12 /* [CP] Embed Pods Frameworks */,
			);
			buildRules = (
			);
			dependencies = (
			);
			name = Flixster;
			productName = Flixster;
			productReference = 1B4A4E6A251D2870000830FF /* Flixster.app */;
			productType = "com.apple.product-type.application";
		};
		1B4A4E7F251D2871000830FF /* FlixsterTests */ = {
			isa = PBXNativeTarget;
			buildConfigurationList = 1B4A4E97251D2872000830FF /* Build configuration list for PBXNativeTarget "FlixsterTests" */;
			buildPhases = (
				1746D2BB17D6DFB26922CBF9 /* [CP] Check Pods Manifest.lock */,
				1B4A4E7C251D2871000830FF /* Sources */,
				1B4A4E7D251D2871000830FF /* Frameworks */,
				1B4A4E7E251D2871000830FF /* Resources */,
			);
			buildRules = (
			);
			dependencies = (
				1B4A4E82251D2871000830FF /* PBXTargetDependency */,
			);
			name = FlixsterTests;
			productName = FlixsterTests;
			productReference = 1B4A4E80251D2871000830FF /* FlixsterTests.xctest */;
			productType = "com.apple.product-type.bundle.unit-test";
		};
		1B4A4E8A251D2871000830FF /* FlixsterUITests */ = {
			isa = PBXNativeTarget;
			buildConfigurationList = 1B4A4E9A251D2872000830FF /* Build configuration list for PBXNativeTarget "FlixsterUITests" */;
			buildPhases = (
				B2999C592B50CA6F81AE59D1 /* [CP] Check Pods Manifest.lock */,
				1B4A4E87251D2871000830FF /* Sources */,
				1B4A4E88251D2871000830FF /* Frameworks */,
				1B4A4E89251D2871000830FF /* Resources */,
				3DB12A79556252A48865855A /* [CP] Embed Pods Frameworks */,
			);
			buildRules = (
			);
			dependencies = (
				1B4A4E8D251D2871000830FF /* PBXTargetDependency */,
			);
			name = FlixsterUITests;
			productName = FlixsterUITests;
			productReference = 1B4A4E8B251D2871000830FF /* FlixsterUITests.xctest */;
			productType = "com.apple.product-type.bundle.ui-testing";
		};
/* End PBXNativeTarget section */

/* Begin PBXProject section */
		1B4A4E62251D2870000830FF /* Project object */ = {
			isa = PBXProject;
			attributes = {
				LastSwiftUpdateCheck = 1200;
				LastUpgradeCheck = 1200;
				TargetAttributes = {
					1B4A4E69251D2870000830FF = {
						CreatedOnToolsVersion = 12.0;
					};
					1B4A4E7F251D2871000830FF = {
						CreatedOnToolsVersion = 12.0;
						TestTargetID = 1B4A4E69251D2870000830FF;
					};
					1B4A4E8A251D2871000830FF = {
						CreatedOnToolsVersion = 12.0;
						TestTargetID = 1B4A4E69251D2870000830FF;
					};
				};
			};
			buildConfigurationList = 1B4A4E65251D2870000830FF /* Build configuration list for PBXProject "Flixster" */;
			compatibilityVersion = "Xcode 9.3";
			developmentRegion = en;
			hasScannedForEncodings = 0;
			knownRegions = (
				en,
				Base,
			);
			mainGroup = 1B4A4E61251D2870000830FF;
			productRefGroup = 1B4A4E6B251D2870000830FF /* Products */;
			projectDirPath = "";
			projectRoot = "";
			targets = (
				1B4A4E69251D2870000830FF /* Flixster */,
				1B4A4E7F251D2871000830FF /* FlixsterTests */,
				1B4A4E8A251D2871000830FF /* FlixsterUITests */,
			);
		};
/* End PBXProject section */

/* Begin PBXResourcesBuildPhase section */
		1B4A4E68251D2870000830FF /* Resources */ = {
			isa = PBXResourcesBuildPhase;
			buildActionMask = 2147483647;
			files = (
				1B4A4E7A251D2871000830FF /* LaunchScreen.storyboard in Resources */,
				1B4A4E77251D2871000830FF /* Assets.xcassets in Resources */,
				1B4A4E75251D2870000830FF /* Main.storyboard in Resources */,
			);
			runOnlyForDeploymentPostprocessing = 0;
		};
		1B4A4E7E251D2871000830FF /* Resources */ = {
			isa = PBXResourcesBuildPhase;
			buildActionMask = 2147483647;
			files = (
			);
			runOnlyForDeploymentPostprocessing = 0;
		};
		1B4A4E89251D2871000830FF /* Resources */ = {
			isa = PBXResourcesBuildPhase;
			buildActionMask = 2147483647;
			files = (
			);
			runOnlyForDeploymentPostprocessing = 0;
		};
/* End PBXResourcesBuildPhase section */

/* Begin PBXShellScriptBuildPhase section */
		1746D2BB17D6DFB26922CBF9 /* [CP] Check Pods Manifest.lock */ = {
			isa = PBXShellScriptBuildPhase;
			buildActionMask = 2147483647;
			files = (
			);
			inputFileListPaths = (
			);
			inputPaths = (
				"${PODS_PODFILE_DIR_PATH}/Podfile.lock",
				"${PODS_ROOT}/Manifest.lock",
			);
			name = "[CP] Check Pods Manifest.lock";
			outputFileListPaths = (
			);
			outputPaths = (
				"$(DERIVED_FILE_DIR)/Pods-FlixsterTests-checkManifestLockResult.txt",
			);
			runOnlyForDeploymentPostprocessing = 0;
			shellPath = /bin/sh;
			shellScript = "diff \"${PODS_PODFILE_DIR_PATH}/Podfile.lock\" \"${PODS_ROOT}/Manifest.lock\" > /dev/null\nif [ $? != 0 ] ; then\n    # print error to STDERR\n    echo \"error: The sandbox is not in sync with the Podfile.lock. Run 'pod install' or update your CocoaPods installation.\" >&2\n    exit 1\nfi\n# This output is used by Xcode 'outputs' to avoid re-running this script phase.\necho \"SUCCESS\" > \"${SCRIPT_OUTPUT_FILE_0}\"\n";
			showEnvVarsInLog = 0;
		};
		2CB9FDF58B78ECA001CB6E89 /* [CP] Check Pods Manifest.lock */ = {
			isa = PBXShellScriptBuildPhase;
			buildActionMask = 2147483647;
			files = (
			);
			inputFileListPaths = (
			);
			inputPaths = (
				"${PODS_PODFILE_DIR_PATH}/Podfile.lock",
				"${PODS_ROOT}/Manifest.lock",
			);
			name = "[CP] Check Pods Manifest.lock";
			outputFileListPaths = (
			);
			outputPaths = (
				"$(DERIVED_FILE_DIR)/Pods-Flixster-checkManifestLockResult.txt",
			);
			runOnlyForDeploymentPostprocessing = 0;
			shellPath = /bin/sh;
			shellScript = "diff \"${PODS_PODFILE_DIR_PATH}/Podfile.lock\" \"${PODS_ROOT}/Manifest.lock\" > /dev/null\nif [ $? != 0 ] ; then\n    # print error to STDERR\n    echo \"error: The sandbox is not in sync with the Podfile.lock. Run 'pod install' or update your CocoaPods installation.\" >&2\n    exit 1\nfi\n# This output is used by Xcode 'outputs' to avoid re-running this script phase.\necho \"SUCCESS\" > \"${SCRIPT_OUTPUT_FILE_0}\"\n";
			showEnvVarsInLog = 0;
		};
		3DB12A79556252A48865855A /* [CP] Embed Pods Frameworks */ = {
			isa = PBXShellScriptBuildPhase;
			buildActionMask = 2147483647;
			files = (
			);
			inputFileListPaths = (
				"${PODS_ROOT}/Target Support Files/Pods-Flixster-FlixsterUITests/Pods-Flixster-FlixsterUITests-frameworks-${CONFIGURATION}-input-files.xcfilelist",
			);
			name = "[CP] Embed Pods Frameworks";
			outputFileListPaths = (
				"${PODS_ROOT}/Target Support Files/Pods-Flixster-FlixsterUITests/Pods-Flixster-FlixsterUITests-frameworks-${CONFIGURATION}-output-files.xcfilelist",
			);
			runOnlyForDeploymentPostprocessing = 0;
			shellPath = /bin/sh;
			shellScript = "\"${PODS_ROOT}/Target Support Files/Pods-Flixster-FlixsterUITests/Pods-Flixster-FlixsterUITests-frameworks.sh\"\n";
			showEnvVarsInLog = 0;
		};
		B2999C592B50CA6F81AE59D1 /* [CP] Check Pods Manifest.lock */ = {
			isa = PBXShellScriptBuildPhase;
			buildActionMask = 2147483647;
			files = (
			);
			inputFileListPaths = (
			);
			inputPaths = (
				"${PODS_PODFILE_DIR_PATH}/Podfile.lock",
				"${PODS_ROOT}/Manifest.lock",
			);
			name = "[CP] Check Pods Manifest.lock";
			outputFileListPaths = (
			);
			outputPaths = (
				"$(DERIVED_FILE_DIR)/Pods-Flixster-FlixsterUITests-checkManifestLockResult.txt",
			);
			runOnlyForDeploymentPostprocessing = 0;
			shellPath = /bin/sh;
			shellScript = "diff \"${PODS_PODFILE_DIR_PATH}/Podfile.lock\" \"${PODS_ROOT}/Manifest.lock\" > /dev/null\nif [ $? != 0 ] ; then\n    # print error to STDERR\n    echo \"error: The sandbox is not in sync with the Podfile.lock. Run 'pod install' or update your CocoaPods installation.\" >&2\n    exit 1\nfi\n# This output is used by Xcode 'outputs' to avoid re-running this script phase.\necho \"SUCCESS\" > \"${SCRIPT_OUTPUT_FILE_0}\"\n";
			showEnvVarsInLog = 0;
		};
		F796436EB971D1296E90EB12 /* [CP] Embed Pods Frameworks */ = {
			isa = PBXShellScriptBuildPhase;
			buildActionMask = 2147483647;
			files = (
			);
			inputFileListPaths = (
				"${PODS_ROOT}/Target Support Files/Pods-Flixster/Pods-Flixster-frameworks-${CONFIGURATION}-input-files.xcfilelist",
			);
			name = "[CP] Embed Pods Frameworks";
			outputFileListPaths = (
				"${PODS_ROOT}/Target Support Files/Pods-Flixster/Pods-Flixster-frameworks-${CONFIGURATION}-output-files.xcfilelist",
			);
			runOnlyForDeploymentPostprocessing = 0;
			shellPath = /bin/sh;
			shellScript = "\"${PODS_ROOT}/Target Support Files/Pods-Flixster/Pods-Flixster-frameworks.sh\"\n";
			showEnvVarsInLog = 0;
		};
/* End PBXShellScriptBuildPhase section */

/* Begin PBXSourcesBuildPhase section */
		1B4A4E66251D2870000830FF /* Sources */ = {
			isa = PBXSourcesBuildPhase;
			buildActionMask = 2147483647;
			files = (
				1B4870D825278E3900D95854 /* MovieDetailsViewController.swift in Sources */,
				1B4A4E6E251D2870000830FF /* AppDelegate.swift in Sources */,
				1B4A4E70251D2870000830FF /* SceneDelegate.swift in Sources */,
				1B4A4EAC251D7CCF000830FF /* MovieCell.swift in Sources */,
				1B4A4EA4251D61BA000830FF /* MoviesViewController.swift in Sources */,
				1B4871152527A2F900D95854 /* MovieGridViewController.swift in Sources */,
				1BAFE27A25282462002FBB36 /* MovieGridCell.swift in Sources */,
			);
			runOnlyForDeploymentPostprocessing = 0;
		};
		1B4A4E7C251D2871000830FF /* Sources */ = {
			isa = PBXSourcesBuildPhase;
			buildActionMask = 2147483647;
			files = (
				1B4A4E85251D2871000830FF /* FlixsterTests.swift in Sources */,
			);
			runOnlyForDeploymentPostprocessing = 0;
		};
		1B4A4E87251D2871000830FF /* Sources */ = {
			isa = PBXSourcesBuildPhase;
			buildActionMask = 2147483647;
			files = (
				1B4A4E90251D2871000830FF /* FlixsterUITests.swift in Sources */,
			);
			runOnlyForDeploymentPostprocessing = 0;
		};
/* End PBXSourcesBuildPhase section */

/* Begin PBXTargetDependency section */
		1B4A4E82251D2871000830FF /* PBXTargetDependency */ = {
			isa = PBXTargetDependency;
			target = 1B4A4E69251D2870000830FF /* Flixster */;
			targetProxy = 1B4A4E81251D2871000830FF /* PBXContainerItemProxy */;
		};
		1B4A4E8D251D2871000830FF /* PBXTargetDependency */ = {
			isa = PBXTargetDependency;
			target = 1B4A4E69251D2870000830FF /* Flixster */;
			targetProxy = 1B4A4E8C251D2871000830FF /* PBXContainerItemProxy */;
		};
/* End PBXTargetDependency section */

/* Begin PBXVariantGroup section */
		1B4A4E73251D2870000830FF /* Main.storyboard */ = {
			isa = PBXVariantGroup;
			children = (
				1B4A4E74251D2870000830FF /* Base */,
			);
			name = Main.storyboard;
			sourceTree = "<group>";
		};
		1B4A4E78251D2871000830FF /* LaunchScreen.storyboard */ = {
			isa = PBXVariantGroup;
			children = (
				1B4A4E79251D2871000830FF /* Base */,
			);
			name = LaunchScreen.storyboard;
			sourceTree = "<group>";
		};
/* End PBXVariantGroup section */

/* Begin XCBuildConfiguration section */
		1B4A4E92251D2872000830FF /* Debug */ = {
			isa = XCBuildConfiguration;
			buildSettings = {
				ALWAYS_SEARCH_USER_PATHS = NO;
				CLANG_ANALYZER_NONNULL = YES;
				CLANG_ANALYZER_NUMBER_OBJECT_CONVERSION = YES_AGGRESSIVE;
				CLANG_CXX_LANGUAGE_STANDARD = "gnu++14";
				CLANG_CXX_LIBRARY = "libc++";
				CLANG_ENABLE_MODULES = YES;
				CLANG_ENABLE_OBJC_ARC = YES;
				CLANG_ENABLE_OBJC_WEAK = YES;
				CLANG_WARN_BLOCK_CAPTURE_AUTORELEASING = YES;
				CLANG_WARN_BOOL_CONVERSION = YES;
				CLANG_WARN_COMMA = YES;
				CLANG_WARN_CONSTANT_CONVERSION = YES;
				CLANG_WARN_DEPRECATED_OBJC_IMPLEMENTATIONS = YES;
				CLANG_WARN_DIRECT_OBJC_ISA_USAGE = YES_ERROR;
				CLANG_WARN_DOCUMENTATION_COMMENTS = YES;
				CLANG_WARN_EMPTY_BODY = YES;
				CLANG_WARN_ENUM_CONVERSION = YES;
				CLANG_WARN_INFINITE_RECURSION = YES;
				CLANG_WARN_INT_CONVERSION = YES;
				CLANG_WARN_NON_LITERAL_NULL_CONVERSION = YES;
				CLANG_WARN_OBJC_IMPLICIT_RETAIN_SELF = YES;
				CLANG_WARN_OBJC_LITERAL_CONVERSION = YES;
				CLANG_WARN_OBJC_ROOT_CLASS = YES_ERROR;
				CLANG_WARN_QUOTED_INCLUDE_IN_FRAMEWORK_HEADER = YES;
				CLANG_WARN_RANGE_LOOP_ANALYSIS = YES;
				CLANG_WARN_STRICT_PROTOTYPES = YES;
				CLANG_WARN_SUSPICIOUS_MOVE = YES;
				CLANG_WARN_UNGUARDED_AVAILABILITY = YES_AGGRESSIVE;
				CLANG_WARN_UNREACHABLE_CODE = YES;
				CLANG_WARN__DUPLICATE_METHOD_MATCH = YES;
				COPY_PHASE_STRIP = NO;
				DEBUG_INFORMATION_FORMAT = dwarf;
				ENABLE_STRICT_OBJC_MSGSEND = YES;
				ENABLE_TESTABILITY = YES;
				GCC_C_LANGUAGE_STANDARD = gnu11;
				GCC_DYNAMIC_NO_PIC = NO;
				GCC_NO_COMMON_BLOCKS = YES;
				GCC_OPTIMIZATION_LEVEL = 0;
				GCC_PREPROCESSOR_DEFINITIONS = (
					"DEBUG=1",
					"$(inherited)",
				);
				GCC_WARN_64_TO_32_BIT_CONVERSION = YES;
				GCC_WARN_ABOUT_RETURN_TYPE = YES_ERROR;
				GCC_WARN_UNDECLARED_SELECTOR = YES;
				GCC_WARN_UNINITIALIZED_AUTOS = YES_AGGRESSIVE;
				GCC_WARN_UNUSED_FUNCTION = YES;
				GCC_WARN_UNUSED_VARIABLE = YES;
				IPHONEOS_DEPLOYMENT_TARGET = 14.0;
				MTL_ENABLE_DEBUG_INFO = INCLUDE_SOURCE;
				MTL_FAST_MATH = YES;
				ONLY_ACTIVE_ARCH = YES;
				SDKROOT = iphoneos;
				SWIFT_ACTIVE_COMPILATION_CONDITIONS = DEBUG;
				SWIFT_OPTIMIZATION_LEVEL = "-Onone";
			};
			name = Debug;
		};
		1B4A4E93251D2872000830FF /* Release */ = {
			isa = XCBuildConfiguration;
			buildSettings = {
				ALWAYS_SEARCH_USER_PATHS = NO;
				CLANG_ANALYZER_NONNULL = YES;
				CLANG_ANALYZER_NUMBER_OBJECT_CONVERSION = YES_AGGRESSIVE;
				CLANG_CXX_LANGUAGE_STANDARD = "gnu++14";
				CLANG_CXX_LIBRARY = "libc++";
				CLANG_ENABLE_MODULES = YES;
				CLANG_ENABLE_OBJC_ARC = YES;
				CLANG_ENABLE_OBJC_WEAK = YES;
				CLANG_WARN_BLOCK_CAPTURE_AUTORELEASING = YES;
				CLANG_WARN_BOOL_CONVERSION = YES;
				CLANG_WARN_COMMA = YES;
				CLANG_WARN_CONSTANT_CONVERSION = YES;
				CLANG_WARN_DEPRECATED_OBJC_IMPLEMENTATIONS = YES;
				CLANG_WARN_DIRECT_OBJC_ISA_USAGE = YES_ERROR;
				CLANG_WARN_DOCUMENTATION_COMMENTS = YES;
				CLANG_WARN_EMPTY_BODY = YES;
				CLANG_WARN_ENUM_CONVERSION = YES;
				CLANG_WARN_INFINITE_RECURSION = YES;
				CLANG_WARN_INT_CONVERSION = YES;
				CLANG_WARN_NON_LITERAL_NULL_CONVERSION = YES;
				CLANG_WARN_OBJC_IMPLICIT_RETAIN_SELF = YES;
				CLANG_WARN_OBJC_LITERAL_CONVERSION = YES;
				CLANG_WARN_OBJC_ROOT_CLASS = YES_ERROR;
				CLANG_WARN_QUOTED_INCLUDE_IN_FRAMEWORK_HEADER = YES;
				CLANG_WARN_RANGE_LOOP_ANALYSIS = YES;
				CLANG_WARN_STRICT_PROTOTYPES = YES;
				CLANG_WARN_SUSPICIOUS_MOVE = YES;
				CLANG_WARN_UNGUARDED_AVAILABILITY = YES_AGGRESSIVE;
				CLANG_WARN_UNREACHABLE_CODE = YES;
				CLANG_WARN__DUPLICATE_METHOD_MATCH = YES;
				COPY_PHASE_STRIP = NO;
				DEBUG_INFORMATION_FORMAT = "dwarf-with-dsym";
				ENABLE_NS_ASSERTIONS = NO;
				ENABLE_STRICT_OBJC_MSGSEND = YES;
				GCC_C_LANGUAGE_STANDARD = gnu11;
				GCC_NO_COMMON_BLOCKS = YES;
				GCC_WARN_64_TO_32_BIT_CONVERSION = YES;
				GCC_WARN_ABOUT_RETURN_TYPE = YES_ERROR;
				GCC_WARN_UNDECLARED_SELECTOR = YES;
				GCC_WARN_UNINITIALIZED_AUTOS = YES_AGGRESSIVE;
				GCC_WARN_UNUSED_FUNCTION = YES;
				GCC_WARN_UNUSED_VARIABLE = YES;
				IPHONEOS_DEPLOYMENT_TARGET = 14.0;
				MTL_ENABLE_DEBUG_INFO = NO;
				MTL_FAST_MATH = YES;
				SDKROOT = iphoneos;
				SWIFT_COMPILATION_MODE = wholemodule;
				SWIFT_OPTIMIZATION_LEVEL = "-O";
				VALIDATE_PRODUCT = YES;
			};
			name = Release;
		};
		1B4A4E95251D2872000830FF /* Debug */ = {
			isa = XCBuildConfiguration;
			baseConfigurationReference = 05B99A7CBB14C81F1619EE3E /* Pods-Flixster.debug.xcconfig */;
			buildSettings = {
				ASSETCATALOG_COMPILER_APPICON_NAME = AppIcon;
				ASSETCATALOG_COMPILER_GLOBAL_ACCENT_COLOR_NAME = AccentColor;
				CODE_SIGN_STYLE = Automatic;
				INFOPLIST_FILE = Flixster/Info.plist;
				LD_RUNPATH_SEARCH_PATHS = (
					"$(inherited)",
					"@executable_path/Frameworks",
				);
				PRODUCT_BUNDLE_IDENTIFIER = Codepath.Flixster;
				PRODUCT_NAME = "$(TARGET_NAME)";
				SWIFT_VERSION = 5.0;
				TARGETED_DEVICE_FAMILY = "1,2";
			};
			name = Debug;
		};
		1B4A4E96251D2872000830FF /* Release */ = {
			isa = XCBuildConfiguration;
			baseConfigurationReference = D05F6E7EC77905D1BA7417F1 /* Pods-Flixster.release.xcconfig */;
			buildSettings = {
				ASSETCATALOG_COMPILER_APPICON_NAME = AppIcon;
				ASSETCATALOG_COMPILER_GLOBAL_ACCENT_COLOR_NAME = AccentColor;
				CODE_SIGN_STYLE = Automatic;
				INFOPLIST_FILE = Flixster/Info.plist;
				LD_RUNPATH_SEARCH_PATHS = (
					"$(inherited)",
					"@executable_path/Frameworks",
				);
				PRODUCT_BUNDLE_IDENTIFIER = Codepath.Flixster;
				PRODUCT_NAME = "$(TARGET_NAME)";
				SWIFT_VERSION = 5.0;
				TARGETED_DEVICE_FAMILY = "1,2";
			};
			name = Release;
		};
		1B4A4E98251D2872000830FF /* Debug */ = {
			isa = XCBuildConfiguration;
			baseConfigurationReference = 1ADBE06231A1C66AC7E9288D /* Pods-FlixsterTests.debug.xcconfig */;
			buildSettings = {
				ALWAYS_EMBED_SWIFT_STANDARD_LIBRARIES = YES;
				BUNDLE_LOADER = "$(TEST_HOST)";
				CODE_SIGN_STYLE = Automatic;
				INFOPLIST_FILE = FlixsterTests/Info.plist;
				IPHONEOS_DEPLOYMENT_TARGET = 14.0;
				LD_RUNPATH_SEARCH_PATHS = (
					"$(inherited)",
					"@executable_path/Frameworks",
					"@loader_path/Frameworks",
				);
				PRODUCT_BUNDLE_IDENTIFIER = Codepath.FlixsterTests;
				PRODUCT_NAME = "$(TARGET_NAME)";
				SWIFT_VERSION = 5.0;
				TARGETED_DEVICE_FAMILY = "1,2";
				TEST_HOST = "$(BUILT_PRODUCTS_DIR)/Flixster.app/Flixster";
			};
			name = Debug;
		};
		1B4A4E99251D2872000830FF /* Release */ = {
			isa = XCBuildConfiguration;
			baseConfigurationReference = 5B7411902CE841ED8C1ED228 /* Pods-FlixsterTests.release.xcconfig */;
			buildSettings = {
				ALWAYS_EMBED_SWIFT_STANDARD_LIBRARIES = YES;
				BUNDLE_LOADER = "$(TEST_HOST)";
				CODE_SIGN_STYLE = Automatic;
				INFOPLIST_FILE = FlixsterTests/Info.plist;
				IPHONEOS_DEPLOYMENT_TARGET = 14.0;
				LD_RUNPATH_SEARCH_PATHS = (
					"$(inherited)",
					"@executable_path/Frameworks",
					"@loader_path/Frameworks",
				);
				PRODUCT_BUNDLE_IDENTIFIER = Codepath.FlixsterTests;
				PRODUCT_NAME = "$(TARGET_NAME)";
				SWIFT_VERSION = 5.0;
				TARGETED_DEVICE_FAMILY = "1,2";
				TEST_HOST = "$(BUILT_PRODUCTS_DIR)/Flixster.app/Flixster";
			};
			name = Release;
		};
		1B4A4E9B251D2872000830FF /* Debug */ = {
			isa = XCBuildConfiguration;
			baseConfigurationReference = 124F02EC8A1E68230DF3934E /* Pods-Flixster-FlixsterUITests.debug.xcconfig */;
			buildSettings = {
				ALWAYS_EMBED_SWIFT_STANDARD_LIBRARIES = YES;
				CODE_SIGN_STYLE = Automatic;
				INFOPLIST_FILE = FlixsterUITests/Info.plist;
				LD_RUNPATH_SEARCH_PATHS = (
					"$(inherited)",
					"@executable_path/Frameworks",
					"@loader_path/Frameworks",
				);
				PRODUCT_BUNDLE_IDENTIFIER = Codepath.FlixsterUITests;
				PRODUCT_NAME = "$(TARGET_NAME)";
				SWIFT_VERSION = 5.0;
				TARGETED_DEVICE_FAMILY = "1,2";
				TEST_TARGET_NAME = Flixster;
			};
			name = Debug;
		};
		1B4A4E9C251D2872000830FF /* Release */ = {
			isa = XCBuildConfiguration;
			baseConfigurationReference = CFCE18E8BB0F9124E7346C94 /* Pods-Flixster-FlixsterUITests.release.xcconfig */;
			buildSettings = {
				ALWAYS_EMBED_SWIFT_STANDARD_LIBRARIES = YES;
				CODE_SIGN_STYLE = Automatic;
				INFOPLIST_FILE = FlixsterUITests/Info.plist;
				LD_RUNPATH_SEARCH_PATHS = (
					"$(inherited)",
					"@executable_path/Frameworks",
					"@loader_path/Frameworks",
				);
				PRODUCT_BUNDLE_IDENTIFIER = Codepath.FlixsterUITests;
				PRODUCT_NAME = "$(TARGET_NAME)";
				SWIFT_VERSION = 5.0;
				TARGETED_DEVICE_FAMILY = "1,2";
				TEST_TARGET_NAME = Flixster;
			};
			name = Release;
		};
/* End XCBuildConfiguration section */

/* Begin XCConfigurationList section */
		1B4A4E65251D2870000830FF /* Build configuration list for PBXProject "Flixster" */ = {
			isa = XCConfigurationList;
			buildConfigurations = (
				1B4A4E92251D2872000830FF /* Debug */,
				1B4A4E93251D2872000830FF /* Release */,
			);
			defaultConfigurationIsVisible = 0;
			defaultConfigurationName = Release;
		};
		1B4A4E94251D2872000830FF /* Build configuration list for PBXNativeTarget "Flixster" */ = {
			isa = XCConfigurationList;
			buildConfigurations = (
				1B4A4E95251D2872000830FF /* Debug */,
				1B4A4E96251D2872000830FF /* Release */,
			);
			defaultConfigurationIsVisible = 0;
			defaultConfigurationName = Release;
		};
		1B4A4E97251D2872000830FF /* Build configuration list for PBXNativeTarget "FlixsterTests" */ = {
			isa = XCConfigurationList;
			buildConfigurations = (
				1B4A4E98251D2872000830FF /* Debug */,
				1B4A4E99251D2872000830FF /* Release */,
			);
			defaultConfigurationIsVisible = 0;
			defaultConfigurationName = Release;
		};
		1B4A4E9A251D2872000830FF /* Build configuration list for PBXNativeTarget "FlixsterUITests" */ = {
			isa = XCConfigurationList;
			buildConfigurations = (
				1B4A4E9B251D2872000830FF /* Debug */,
				1B4A4E9C251D2872000830FF /* Release */,
			);
			defaultConfigurationIsVisible = 0;
			defaultConfigurationName = Release;
		};
/* End XCConfigurationList section */
	};
	rootObject = 1B4A4E62251D2870000830FF /* Project object */;
}
